{
    "_readme": [
        "This file locks the dependencies of your project to a known state",
        "Read more about it at https://getcomposer.org/doc/01-basic-usage.md#installing-dependencies",
        "This file is @generated automatically"
    ],
    "content-hash": "b7f435ea42d580b2d2a243f29c87e694",
    "packages": [
        {
            "name": "mcmatters/ticl",
            "version": "dev-master",
            "source": {
                "type": "git",
                "url": "https://github.com/MCMatters/ticl.git",
                "reference": "9604c9289d720f09e5bc48601b1fb517ecdd80db"
            },
            "dist": {
                "type": "zip",
                "url": "https://api.github.com/repos/MCMatters/ticl/zipball/9604c9289d720f09e5bc48601b1fb517ecdd80db",
                "reference": "9604c9289d720f09e5bc48601b1fb517ecdd80db",
                "shasum": ""
            },
            "require": {
                "ext-curl": "*",
                "ext-json": "*",
                "php": ">=7.0"
            },
            "type": "library",
            "autoload": {
                "psr-4": {
                    "McMatters\\Ticl\\": "src/"
                }
            },
            "notification-url": "https://packagist.org/downloads/",
            "license": [
                "MIT"
            ],
            "authors": [
                {
                    "name": "Dmitry Borzyonok",
                    "email": "dima.matters@gmail.com"
                }
            ],
            "description": "Tiny http client",
            "time": "2018-08-27T20:12:31+00:00"
        }
    ],
    "packages-dev": [],
    "aliases": [],
    "minimum-stability": "stable",
    "stability-flags": {
        "mcmatters/ticl": 20
    },
    "prefer-stable": false,
    "prefer-lowest": false,
    "platform": [],
    "platform-dev": []
}
